// !$*UTF8*$!
{
	archiveVersion = 1;
	classes = {
	};
	objectVersion = 50;
	objects = {

/* Begin PBXBuildFile section */
		3F2880C925E2DCF600DB2183 /* ThisMatchViewController.swift in Sources */ = {isa = PBXBuildFile; fileRef = 3F2880C825E2DCF600DB2183 /* ThisMatchViewController.swift */; };
		3F2880CE25E45B3D00DB2183 /* DetailViewController.swift in Sources */ = {isa = PBXBuildFile; fileRef = 3F2880CD25E45B3D00DB2183 /* DetailViewController.swift */; };
		3F2880D325E5AB9000DB2183 /* DetailHeaderView.swift in Sources */ = {isa = PBXBuildFile; fileRef = 3F2880D225E5AB9000DB2183 /* DetailHeaderView.swift */; };
		3F2880D825E5B9F800DB2183 /* DetailPerfilCell.swift in Sources */ = {isa = PBXBuildFile; fileRef = 3F2880D725E5B9F800DB2183 /* DetailPerfilCell.swift */; };
		3F2880DD25E5F91F00DB2183 /* DetailPhotosCell.swift in Sources */ = {isa = PBXBuildFile; fileRef = 3F2880DC25E5F91F00DB2183 /* DetailPhotosCell.swift */; };
		3F2880E225E688B800DB2183 /* SliderViewController.swift in Sources */ = {isa = PBXBuildFile; fileRef = 3F2880E125E688B800DB2183 /* SliderViewController.swift */; };
		3F2880E725E68CC700DB2183 /* SliderPhotoCell.swift in Sources */ = {isa = PBXBuildFile; fileRef = 3F2880E625E68CC700DB2183 /* SliderPhotoCell.swift */; };
		3FCEF7CA25E06E6600523D79 /* AppDelegate.swift in Sources */ = {isa = PBXBuildFile; fileRef = 3FCEF7C925E06E6600523D79 /* AppDelegate.swift */; };
		3FCEF7CC25E06E6600523D79 /* SceneDelegate.swift in Sources */ = {isa = PBXBuildFile; fileRef = 3FCEF7CB25E06E6600523D79 /* SceneDelegate.swift */; };
		3FCEF7CE25E06E6600523D79 /* ViewController.swift in Sources */ = {isa = PBXBuildFile; fileRef = 3FCEF7CD25E06E6600523D79 /* ViewController.swift */; };
		3FCEF7D125E06E6600523D79 /* Main.storyboard in Resources */ = {isa = PBXBuildFile; fileRef = 3FCEF7CF25E06E6600523D79 /* Main.storyboard */; };
		3FCEF7D325E06E6A00523D79 /* Assets.xcassets in Resources */ = {isa = PBXBuildFile; fileRef = 3FCEF7D225E06E6A00523D79 /* Assets.xcassets */; };
		3FCEF7D625E06E6A00523D79 /* LaunchScreen.storyboard in Resources */ = {isa = PBXBuildFile; fileRef = 3FCEF7D425E06E6A00523D79 /* LaunchScreen.storyboard */; };
		3FCEF7E125E06E6B00523D79 /* tinderTests.swift in Sources */ = {isa = PBXBuildFile; fileRef = 3FCEF7E025E06E6B00523D79 /* tinderTests.swift */; };
		3FCEF7EC25E06E6B00523D79 /* tinderUITests.swift in Sources */ = {isa = PBXBuildFile; fileRef = 3FCEF7EB25E06E6B00523D79 /* tinderUITests.swift */; };
		3FCEF7FE25E06EC200523D79 /* MatchViewController.swift in Sources */ = {isa = PBXBuildFile; fileRef = 3FCEF7FD25E06EC200523D79 /* MatchViewController.swift */; };
		3FCEF80425E07A7400523D79 /* MatchCardView.swift in Sources */ = {isa = PBXBuildFile; fileRef = 3FCEF80325E07A7400523D79 /* MatchCardView.swift */; };
		3FCEF80D25E07F0E00523D79 /* UIView.swift in Sources */ = {isa = PBXBuildFile; fileRef = 3FCEF80C25E07F0E00523D79 /* UIView.swift */; };
		3FCEF81525E14BE200523D79 /* UILabel.swift in Sources */ = {isa = PBXBuildFile; fileRef = 3FCEF81425E14BE200523D79 /* UILabel.swift */; };
		3FCEF81B25E19F5F00523D79 /* User.swift in Sources */ = {isa = PBXBuildFile; fileRef = 3FCEF81A25E19F5F00523D79 /* User.swift */; };
		3FCEF82525E1A0CF00523D79 /* UserService.swift in Sources */ = {isa = PBXBuildFile; fileRef = 3FCEF82425E1A0CF00523D79 /* UserService.swift */; };
		3FCEF82A25E1A6DE00523D79 /* UIImageView.swift in Sources */ = {isa = PBXBuildFile; fileRef = 3FCEF82925E1A6DE00523D79 /* UIImageView.swift */; };
		3FCEF82F25E1B4DD00523D79 /* UIButton.swift in Sources */ = {isa = PBXBuildFile; fileRef = 3FCEF82E25E1B4DD00523D79 /* UIButton.swift */; };
		3FCEF83425E2A61000523D79 /* Loading.swift in Sources */ = {isa = PBXBuildFile; fileRef = 3FCEF83325E2A61000523D79 /* Loading.swift */; };
/* End PBXBuildFile section */

/* Begin PBXContainerItemProxy section */
		3FCEF7DD25E06E6B00523D79 /* PBXContainerItemProxy */ = {
			isa = PBXContainerItemProxy;
			containerPortal = 3FCEF7BE25E06E6600523D79 /* Project object */;
			proxyType = 1;
			remoteGlobalIDString = 3FCEF7C525E06E6600523D79;
			remoteInfo = tinder;
		};
		3FCEF7E825E06E6B00523D79 /* PBXContainerItemProxy */ = {
			isa = PBXContainerItemProxy;
			containerPortal = 3FCEF7BE25E06E6600523D79 /* Project object */;
			proxyType = 1;
			remoteGlobalIDString = 3FCEF7C525E06E6600523D79;
			remoteInfo = tinder;
		};
/* End PBXContainerItemProxy section */

/* Begin PBXFileReference section */
		3F2880C825E2DCF600DB2183 /* ThisMatchViewController.swift */ = {isa = PBXFileReference; lastKnownFileType = sourcecode.swift; path = ThisMatchViewController.swift; sourceTree = "<group>"; };
		3F2880CD25E45B3D00DB2183 /* DetailViewController.swift */ = {isa = PBXFileReference; lastKnownFileType = sourcecode.swift; path = DetailViewController.swift; sourceTree = "<group>"; };
		3F2880D225E5AB9000DB2183 /* DetailHeaderView.swift */ = {isa = PBXFileReference; lastKnownFileType = sourcecode.swift; path = DetailHeaderView.swift; sourceTree = "<group>"; };
		3F2880D725E5B9F800DB2183 /* DetailPerfilCell.swift */ = {isa = PBXFileReference; lastKnownFileType = sourcecode.swift; path = DetailPerfilCell.swift; sourceTree = "<group>"; };
		3F2880DC25E5F91F00DB2183 /* DetailPhotosCell.swift */ = {isa = PBXFileReference; lastKnownFileType = sourcecode.swift; path = DetailPhotosCell.swift; sourceTree = "<group>"; };
		3F2880E125E688B800DB2183 /* SliderViewController.swift */ = {isa = PBXFileReference; lastKnownFileType = sourcecode.swift; path = SliderViewController.swift; sourceTree = "<group>"; };
		3F2880E625E68CC700DB2183 /* SliderPhotoCell.swift */ = {isa = PBXFileReference; lastKnownFileType = sourcecode.swift; path = SliderPhotoCell.swift; sourceTree = "<group>"; };
		3FCEF7C625E06E6600523D79 /* tinder.app */ = {isa = PBXFileReference; explicitFileType = wrapper.application; includeInIndex = 0; path = tinder.app; sourceTree = BUILT_PRODUCTS_DIR; };
		3FCEF7C925E06E6600523D79 /* AppDelegate.swift */ = {isa = PBXFileReference; lastKnownFileType = sourcecode.swift; path = AppDelegate.swift; sourceTree = "<group>"; };
		3FCEF7CB25E06E6600523D79 /* SceneDelegate.swift */ = {isa = PBXFileReference; lastKnownFileType = sourcecode.swift; path = SceneDelegate.swift; sourceTree = "<group>"; };
		3FCEF7CD25E06E6600523D79 /* ViewController.swift */ = {isa = PBXFileReference; lastKnownFileType = sourcecode.swift; path = ViewController.swift; sourceTree = "<group>"; };
		3FCEF7D025E06E6600523D79 /* Base */ = {isa = PBXFileReference; lastKnownFileType = file.storyboard; name = Base; path = Base.lproj/Main.storyboard; sourceTree = "<group>"; };
		3FCEF7D225E06E6A00523D79 /* Assets.xcassets */ = {isa = PBXFileReference; lastKnownFileType = folder.assetcatalog; path = Assets.xcassets; sourceTree = "<group>"; };
		3FCEF7D525E06E6A00523D79 /* Base */ = {isa = PBXFileReference; lastKnownFileType = file.storyboard; name = Base; path = Base.lproj/LaunchScreen.storyboard; sourceTree = "<group>"; };
		3FCEF7D725E06E6A00523D79 /* Info.plist */ = {isa = PBXFileReference; lastKnownFileType = text.plist.xml; path = Info.plist; sourceTree = "<group>"; };
		3FCEF7DC25E06E6B00523D79 /* tinderTests.xctest */ = {isa = PBXFileReference; explicitFileType = wrapper.cfbundle; includeInIndex = 0; path = tinderTests.xctest; sourceTree = BUILT_PRODUCTS_DIR; };
		3FCEF7E025E06E6B00523D79 /* tinderTests.swift */ = {isa = PBXFileReference; lastKnownFileType = sourcecode.swift; path = tinderTests.swift; sourceTree = "<group>"; };
		3FCEF7E225E06E6B00523D79 /* Info.plist */ = {isa = PBXFileReference; lastKnownFileType = text.plist.xml; path = Info.plist; sourceTree = "<group>"; };
		3FCEF7E725E06E6B00523D79 /* tinderUITests.xctest */ = {isa = PBXFileReference; explicitFileType = wrapper.cfbundle; includeInIndex = 0; path = tinderUITests.xctest; sourceTree = BUILT_PRODUCTS_DIR; };
		3FCEF7EB25E06E6B00523D79 /* tinderUITests.swift */ = {isa = PBXFileReference; lastKnownFileType = sourcecode.swift; path = tinderUITests.swift; sourceTree = "<group>"; };
		3FCEF7ED25E06E6B00523D79 /* Info.plist */ = {isa = PBXFileReference; lastKnownFileType = text.plist.xml; path = Info.plist; sourceTree = "<group>"; };
		3FCEF7FD25E06EC200523D79 /* MatchViewController.swift */ = {isa = PBXFileReference; lastKnownFileType = sourcecode.swift; path = MatchViewController.swift; sourceTree = "<group>"; };
		3FCEF80325E07A7400523D79 /* MatchCardView.swift */ = {isa = PBXFileReference; lastKnownFileType = sourcecode.swift; path = MatchCardView.swift; sourceTree = "<group>"; };
		3FCEF80C25E07F0E00523D79 /* UIView.swift */ = {isa = PBXFileReference; lastKnownFileType = sourcecode.swift; path = UIView.swift; sourceTree = "<group>"; };
		3FCEF81425E14BE200523D79 /* UILabel.swift */ = {isa = PBXFileReference; lastKnownFileType = sourcecode.swift; path = UILabel.swift; sourceTree = "<group>"; };
		3FCEF81A25E19F5F00523D79 /* User.swift */ = {isa = PBXFileReference; lastKnownFileType = sourcecode.swift; path = User.swift; sourceTree = "<group>"; };
		3FCEF82425E1A0CF00523D79 /* UserService.swift */ = {isa = PBXFileReference; lastKnownFileType = sourcecode.swift; path = UserService.swift; sourceTree = "<group>"; };
		3FCEF82925E1A6DE00523D79 /* UIImageView.swift */ = {isa = PBXFileReference; lastKnownFileType = sourcecode.swift; path = UIImageView.swift; sourceTree = "<group>"; };
		3FCEF82E25E1B4DD00523D79 /* UIButton.swift */ = {isa = PBXFileReference; lastKnownFileType = sourcecode.swift; path = UIButton.swift; sourceTree = "<group>"; };
		3FCEF83325E2A61000523D79 /* Loading.swift */ = {isa = PBXFileReference; lastKnownFileType = sourcecode.swift; path = Loading.swift; sourceTree = "<group>"; };
/* End PBXFileReference section */

/* Begin PBXFrameworksBuildPhase section */
		3FCEF7C325E06E6600523D79 /* Frameworks */ = {
			isa = PBXFrameworksBuildPhase;
			buildActionMask = 2147483647;
			files = (
			);
			runOnlyForDeploymentPostprocessing = 0;
		};
		3FCEF7D925E06E6B00523D79 /* Frameworks */ = {
			isa = PBXFrameworksBuildPhase;
			buildActionMask = 2147483647;
			files = (
			);
			runOnlyForDeploymentPostprocessing = 0;
		};
		3FCEF7E425E06E6B00523D79 /* Frameworks */ = {
			isa = PBXFrameworksBuildPhase;
			buildActionMask = 2147483647;
			files = (
			);
			runOnlyForDeploymentPostprocessing = 0;
		};
/* End PBXFrameworksBuildPhase section */

/* Begin PBXGroup section */
		3FCEF7BD25E06E6600523D79 = {
			isa = PBXGroup;
			children = (
				3FCEF7C825E06E6600523D79 /* tinder */,
				3FCEF7DF25E06E6B00523D79 /* tinderTests */,
				3FCEF7EA25E06E6B00523D79 /* tinderUITests */,
				3FCEF7C725E06E6600523D79 /* Products */,
			);
			sourceTree = "<group>";
		};
		3FCEF7C725E06E6600523D79 /* Products */ = {
			isa = PBXGroup;
			children = (
				3FCEF7C625E06E6600523D79 /* tinder.app */,
				3FCEF7DC25E06E6B00523D79 /* tinderTests.xctest */,
				3FCEF7E725E06E6B00523D79 /* tinderUITests.xctest */,
			);
			name = Products;
			sourceTree = "<group>";
		};
		3FCEF7C825E06E6600523D79 /* tinder */ = {
			isa = PBXGroup;
			children = (
				3FCEF82225E1A0AD00523D79 /* Service */,
				3FCEF81925E19F4200523D79 /* Model */,
				3FCEF80B25E07ED400523D79 /* lib */,
				3FCEF80225E07A4D00523D79 /* View */,
				3FCEF7FC25E06E9700523D79 /* Controller */,
				3FCEF7C925E06E6600523D79 /* AppDelegate.swift */,
				3FCEF7CB25E06E6600523D79 /* SceneDelegate.swift */,
				3FCEF7CD25E06E6600523D79 /* ViewController.swift */,
				3FCEF7CF25E06E6600523D79 /* Main.storyboard */,
				3FCEF7D225E06E6A00523D79 /* Assets.xcassets */,
				3FCEF7D425E06E6A00523D79 /* LaunchScreen.storyboard */,
				3FCEF7D725E06E6A00523D79 /* Info.plist */,
			);
			path = tinder;
			sourceTree = "<group>";
		};
		3FCEF7DF25E06E6B00523D79 /* tinderTests */ = {
			isa = PBXGroup;
			children = (
				3FCEF7E025E06E6B00523D79 /* tinderTests.swift */,
				3FCEF7E225E06E6B00523D79 /* Info.plist */,
			);
			path = tinderTests;
			sourceTree = "<group>";
		};
		3FCEF7EA25E06E6B00523D79 /* tinderUITests */ = {
			isa = PBXGroup;
			children = (
				3FCEF7EB25E06E6B00523D79 /* tinderUITests.swift */,
				3FCEF7ED25E06E6B00523D79 /* Info.plist */,
			);
			path = tinderUITests;
			sourceTree = "<group>";
		};
		3FCEF7FC25E06E9700523D79 /* Controller */ = {
			isa = PBXGroup;
			children = (
				3FCEF7FD25E06EC200523D79 /* MatchViewController.swift */,
				3F2880C825E2DCF600DB2183 /* ThisMatchViewController.swift */,
				3F2880CD25E45B3D00DB2183 /* DetailViewController.swift */,
				3F2880E125E688B800DB2183 /* SliderViewController.swift */,
			);
			path = Controller;
			sourceTree = "<group>";
		};
		3FCEF80225E07A4D00523D79 /* View */ = {
			isa = PBXGroup;
			children = (
				3FCEF80325E07A7400523D79 /* MatchCardView.swift */,
				3F2880D225E5AB9000DB2183 /* DetailHeaderView.swift */,
				3FCEF83325E2A61000523D79 /* Loading.swift */,
				3F2880D725E5B9F800DB2183 /* DetailPerfilCell.swift */,
				3F2880DC25E5F91F00DB2183 /* DetailPhotosCell.swift */,
				3F2880E625E68CC700DB2183 /* SliderPhotoCell.swift */,
			);
			path = View;
			sourceTree = "<group>";
		};
		3FCEF80B25E07ED400523D79 /* lib */ = {
			isa = PBXGroup;
			children = (
				3FCEF80C25E07F0E00523D79 /* UIView.swift */,
				3FCEF81425E14BE200523D79 /* UILabel.swift */,
				3FCEF82925E1A6DE00523D79 /* UIImageView.swift */,
				3FCEF82E25E1B4DD00523D79 /* UIButton.swift */,
			);
			path = lib;
			sourceTree = "<group>";
		};
		3FCEF81925E19F4200523D79 /* Model */ = {
			isa = PBXGroup;
			children = (
				3FCEF81A25E19F5F00523D79 /* User.swift */,
			);
			path = Model;
			sourceTree = "<group>";
		};
		3FCEF82225E1A0AD00523D79 /* Service */ = {
			isa = PBXGroup;
			children = (
				3FCEF82425E1A0CF00523D79 /* UserService.swift */,
			);
			path = Service;
			sourceTree = "<group>";
		};
/* End PBXGroup section */

/* Begin PBXNativeTarget section */
		3FCEF7C525E06E6600523D79 /* tinder */ = {
			isa = PBXNativeTarget;
			buildConfigurationList = 3FCEF7F025E06E6B00523D79 /* Build configuration list for PBXNativeTarget "tinder" */;
			buildPhases = (
				3FCEF7C225E06E6600523D79 /* Sources */,
				3FCEF7C325E06E6600523D79 /* Frameworks */,
				3FCEF7C425E06E6600523D79 /* Resources */,
			);
			buildRules = (
			);
			dependencies = (
			);
			name = tinder;
			productName = tinder;
			productReference = 3FCEF7C625E06E6600523D79 /* tinder.app */;
			productType = "com.apple.product-type.application";
		};
		3FCEF7DB25E06E6B00523D79 /* tinderTests */ = {
			isa = PBXNativeTarget;
			buildConfigurationList = 3FCEF7F325E06E6B00523D79 /* Build configuration list for PBXNativeTarget "tinderTests" */;
			buildPhases = (
				3FCEF7D825E06E6B00523D79 /* Sources */,
				3FCEF7D925E06E6B00523D79 /* Frameworks */,
				3FCEF7DA25E06E6B00523D79 /* Resources */,
			);
			buildRules = (
			);
			dependencies = (
				3FCEF7DE25E06E6B00523D79 /* PBXTargetDependency */,
			);
			name = tinderTests;
			productName = tinderTests;
			productReference = 3FCEF7DC25E06E6B00523D79 /* tinderTests.xctest */;
			productType = "com.apple.product-type.bundle.unit-test";
		};
		3FCEF7E625E06E6B00523D79 /* tinderUITests */ = {
			isa = PBXNativeTarget;
			buildConfigurationList = 3FCEF7F625E06E6B00523D79 /* Build configuration list for PBXNativeTarget "tinderUITests" */;
			buildPhases = (
				3FCEF7E325E06E6B00523D79 /* Sources */,
				3FCEF7E425E06E6B00523D79 /* Frameworks */,
				3FCEF7E525E06E6B00523D79 /* Resources */,
			);
			buildRules = (
			);
			dependencies = (
				3FCEF7E925E06E6B00523D79 /* PBXTargetDependency */,
			);
			name = tinderUITests;
			productName = tinderUITests;
			productReference = 3FCEF7E725E06E6B00523D79 /* tinderUITests.xctest */;
			productType = "com.apple.product-type.bundle.ui-testing";
		};
/* End PBXNativeTarget section */

/* Begin PBXProject section */
		3FCEF7BE25E06E6600523D79 /* Project object */ = {
			isa = PBXProject;
			attributes = {
				LastSwiftUpdateCheck = 1220;
				LastUpgradeCheck = 1220;
				TargetAttributes = {
					3FCEF7C525E06E6600523D79 = {
						CreatedOnToolsVersion = 12.2;
					};
					3FCEF7DB25E06E6B00523D79 = {
						CreatedOnToolsVersion = 12.2;
						TestTargetID = 3FCEF7C525E06E6600523D79;
					};
					3FCEF7E625E06E6B00523D79 = {
						CreatedOnToolsVersion = 12.2;
						TestTargetID = 3FCEF7C525E06E6600523D79;
					};
				};
			};
			buildConfigurationList = 3FCEF7C125E06E6600523D79 /* Build configuration list for PBXProject "tinder" */;
			compatibilityVersion = "Xcode 9.3";
			developmentRegion = en;
			hasScannedForEncodings = 0;
			knownRegions = (
				en,
				Base,
			);
			mainGroup = 3FCEF7BD25E06E6600523D79;
			productRefGroup = 3FCEF7C725E06E6600523D79 /* Products */;
			projectDirPath = "";
			projectRoot = "";
			targets = (
				3FCEF7C525E06E6600523D79 /* tinder */,
				3FCEF7DB25E06E6B00523D79 /* tinderTests */,
				3FCEF7E625E06E6B00523D79 /* tinderUITests */,
			);
		};
/* End PBXProject section */

/* Begin PBXResourcesBuildPhase section */
		3FCEF7C425E06E6600523D79 /* Resources */ = {
			isa = PBXResourcesBuildPhase;
			buildActionMask = 2147483647;
			files = (
				3FCEF7D625E06E6A00523D79 /* LaunchScreen.storyboard in Resources */,
				3FCEF7D325E06E6A00523D79 /* Assets.xcassets in Resources */,
				3FCEF7D125E06E6600523D79 /* Main.storyboard in Resources */,
			);
			runOnlyForDeploymentPostprocessing = 0;
		};
		3FCEF7DA25E06E6B00523D79 /* Resources */ = {
			isa = PBXResourcesBuildPhase;
			buildActionMask = 2147483647;
			files = (
			);
			runOnlyForDeploymentPostprocessing = 0;
		};
		3FCEF7E525E06E6B00523D79 /* Resources */ = {
			isa = PBXResourcesBuildPhase;
			buildActionMask = 2147483647;
			files = (
			);
			runOnlyForDeploymentPostprocessing = 0;
		};
/* End PBXResourcesBuildPhase section */

/* Begin PBXSourcesBuildPhase section */
		3FCEF7C225E06E6600523D79 /* Sources */ = {
			isa = PBXSourcesBuildPhase;
			buildActionMask = 2147483647;
			files = (
				3FCEF7FE25E06EC200523D79 /* MatchViewController.swift in Sources */,
				3FCEF7CE25E06E6600523D79 /* ViewController.swift in Sources */,
				3FCEF82525E1A0CF00523D79 /* UserService.swift in Sources */,
				3F2880DD25E5F91F00DB2183 /* DetailPhotosCell.swift in Sources */,
				3FCEF81525E14BE200523D79 /* UILabel.swift in Sources */,
				3FCEF7CA25E06E6600523D79 /* AppDelegate.swift in Sources */,
				3FCEF81B25E19F5F00523D79 /* User.swift in Sources */,
				3F2880D825E5B9F800DB2183 /* DetailPerfilCell.swift in Sources */,
				3FCEF82A25E1A6DE00523D79 /* UIImageView.swift in Sources */,
				3F2880E225E688B800DB2183 /* SliderViewController.swift in Sources */,
				3FCEF80425E07A7400523D79 /* MatchCardView.swift in Sources */,
				3FCEF82F25E1B4DD00523D79 /* UIButton.swift in Sources */,
				3FCEF80D25E07F0E00523D79 /* UIView.swift in Sources */,
				3F2880C925E2DCF600DB2183 /* ThisMatchViewController.swift in Sources */,
				3FCEF83425E2A61000523D79 /* Loading.swift in Sources */,
				3F2880E725E68CC700DB2183 /* SliderPhotoCell.swift in Sources */,
				3FCEF7CC25E06E6600523D79 /* SceneDelegate.swift in Sources */,
				3F2880CE25E45B3D00DB2183 /* DetailViewController.swift in Sources */,
				3F2880D325E5AB9000DB2183 /* DetailHeaderView.swift in Sources */,
			);
			runOnlyForDeploymentPostprocessing = 0;
		};
		3FCEF7D825E06E6B00523D79 /* Sources */ = {
			isa = PBXSourcesBuildPhase;
			buildActionMask = 2147483647;
			files = (
				3FCEF7E125E06E6B00523D79 /* tinderTests.swift in Sources */,
			);
			runOnlyForDeploymentPostprocessing = 0;
		};
		3FCEF7E325E06E6B00523D79 /* Sources */ = {
			isa = PBXSourcesBuildPhase;
			buildActionMask = 2147483647;
			files = (
				3FCEF7EC25E06E6B00523D79 /* tinderUITests.swift in Sources */,
			);
			runOnlyForDeploymentPostprocessing = 0;
		};
/* End PBXSourcesBuildPhase section */

/* Begin PBXTargetDependency section */
		3FCEF7DE25E06E6B00523D79 /* PBXTargetDependency */ = {
			isa = PBXTargetDependency;
			target = 3FCEF7C525E06E6600523D79 /* tinder */;
			targetProxy = 3FCEF7DD25E06E6B00523D79 /* PBXContainerItemProxy */;
		};
		3FCEF7E925E06E6B00523D79 /* PBXTargetDependency */ = {
			isa = PBXTargetDependency;
			target = 3FCEF7C525E06E6600523D79 /* tinder */;
			targetProxy = 3FCEF7E825E06E6B00523D79 /* PBXContainerItemProxy */;
		};
/* End PBXTargetDependency section */

/* Begin PBXVariantGroup section */
		3FCEF7CF25E06E6600523D79 /* Main.storyboard */ = {
			isa = PBXVariantGroup;
			children = (
				3FCEF7D025E06E6600523D79 /* Base */,
			);
			name = Main.storyboard;
			sourceTree = "<group>";
		};
		3FCEF7D425E06E6A00523D79 /* LaunchScreen.storyboard */ = {
			isa = PBXVariantGroup;
			children = (
				3FCEF7D525E06E6A00523D79 /* Base */,
			);
			name = LaunchScreen.storyboard;
			sourceTree = "<group>";
		};
/* End PBXVariantGroup section */

/* Begin XCBuildConfiguration section */
		3FCEF7EE25E06E6B00523D79 /* Debug */ = {
			isa = XCBuildConfiguration;
			buildSettings = {
				ALWAYS_SEARCH_USER_PATHS = NO;
				CLANG_ANALYZER_NONNULL = YES;
				CLANG_ANALYZER_NUMBER_OBJECT_CONVERSION = YES_AGGRESSIVE;
				CLANG_CXX_LANGUAGE_STANDARD = "gnu++14";
				CLANG_CXX_LIBRARY = "libc++";
				CLANG_ENABLE_MODULES = YES;
				CLANG_ENABLE_OBJC_ARC = YES;
				CLANG_ENABLE_OBJC_WEAK = YES;
				CLANG_WARN_BLOCK_CAPTURE_AUTORELEASING = YES;
				CLANG_WARN_BOOL_CONVERSION = YES;
				CLANG_WARN_COMMA = YES;
				CLANG_WARN_CONSTANT_CONVERSION = YES;
				CLANG_WARN_DEPRECATED_OBJC_IMPLEMENTATIONS = YES;
				CLANG_WARN_DIRECT_OBJC_ISA_USAGE = YES_ERROR;
				CLANG_WARN_DOCUMENTATION_COMMENTS = YES;
				CLANG_WARN_EMPTY_BODY = YES;
				CLANG_WARN_ENUM_CONVERSION = YES;
				CLANG_WARN_INFINITE_RECURSION = YES;
				CLANG_WARN_INT_CONVERSION = YES;
				CLANG_WARN_NON_LITERAL_NULL_CONVERSION = YES;
				CLANG_WARN_OBJC_IMPLICIT_RETAIN_SELF = YES;
				CLANG_WARN_OBJC_LITERAL_CONVERSION = YES;
				CLANG_WARN_OBJC_ROOT_CLASS = YES_ERROR;
				CLANG_WARN_QUOTED_INCLUDE_IN_FRAMEWORK_HEADER = YES;
				CLANG_WARN_RANGE_LOOP_ANALYSIS = YES;
				CLANG_WARN_STRICT_PROTOTYPES = YES;
				CLANG_WARN_SUSPICIOUS_MOVE = YES;
				CLANG_WARN_UNGUARDED_AVAILABILITY = YES_AGGRESSIVE;
				CLANG_WARN_UNREACHABLE_CODE = YES;
				CLANG_WARN__DUPLICATE_METHOD_MATCH = YES;
				COPY_PHASE_STRIP = NO;
				DEBUG_INFORMATION_FORMAT = dwarf;
				ENABLE_STRICT_OBJC_MSGSEND = YES;
				ENABLE_TESTABILITY = YES;
				GCC_C_LANGUAGE_STANDARD = gnu11;
				GCC_DYNAMIC_NO_PIC = NO;
				GCC_NO_COMMON_BLOCKS = YES;
				GCC_OPTIMIZATION_LEVEL = 0;
				GCC_PREPROCESSOR_DEFINITIONS = (
					"DEBUG=1",
					"$(inherited)",
				);
				GCC_WARN_64_TO_32_BIT_CONVERSION = YES;
				GCC_WARN_ABOUT_RETURN_TYPE = YES_ERROR;
				GCC_WARN_UNDECLARED_SELECTOR = YES;
				GCC_WARN_UNINITIALIZED_AUTOS = YES_AGGRESSIVE;
				GCC_WARN_UNUSED_FUNCTION = YES;
				GCC_WARN_UNUSED_VARIABLE = YES;
				IPHONEOS_DEPLOYMENT_TARGET = 14.2;
				MTL_ENABLE_DEBUG_INFO = INCLUDE_SOURCE;
				MTL_FAST_MATH = YES;
				ONLY_ACTIVE_ARCH = YES;
				SDKROOT = iphoneos;
				SWIFT_ACTIVE_COMPILATION_CONDITIONS = DEBUG;
				SWIFT_OPTIMIZATION_LEVEL = "-Onone";
			};
			name = Debug;
		};
		3FCEF7EF25E06E6B00523D79 /* Release */ = {
			isa = XCBuildConfiguration;
			buildSettings = {
				ALWAYS_SEARCH_USER_PATHS = NO;
				CLANG_ANALYZER_NONNULL = YES;
				CLANG_ANALYZER_NUMBER_OBJECT_CONVERSION = YES_AGGRESSIVE;
				CLANG_CXX_LANGUAGE_STANDARD = "gnu++14";
				CLANG_CXX_LIBRARY = "libc++";
				CLANG_ENABLE_MODULES = YES;
				CLANG_ENABLE_OBJC_ARC = YES;
				CLANG_ENABLE_OBJC_WEAK = YES;
				CLANG_WARN_BLOCK_CAPTURE_AUTORELEASING = YES;
				CLANG_WARN_BOOL_CONVERSION = YES;
				CLANG_WARN_COMMA = YES;
				CLANG_WARN_CONSTANT_CONVERSION = YES;
				CLANG_WARN_DEPRECATED_OBJC_IMPLEMENTATIONS = YES;
				CLANG_WARN_DIRECT_OBJC_ISA_USAGE = YES_ERROR;
				CLANG_WARN_DOCUMENTATION_COMMENTS = YES;
				CLANG_WARN_EMPTY_BODY = YES;
				CLANG_WARN_ENUM_CONVERSION = YES;
				CLANG_WARN_INFINITE_RECURSION = YES;
				CLANG_WARN_INT_CONVERSION = YES;
				CLANG_WARN_NON_LITERAL_NULL_CONVERSION = YES;
				CLANG_WARN_OBJC_IMPLICIT_RETAIN_SELF = YES;
				CLANG_WARN_OBJC_LITERAL_CONVERSION = YES;
				CLANG_WARN_OBJC_ROOT_CLASS = YES_ERROR;
				CLANG_WARN_QUOTED_INCLUDE_IN_FRAMEWORK_HEADER = YES;
				CLANG_WARN_RANGE_LOOP_ANALYSIS = YES;
				CLANG_WARN_STRICT_PROTOTYPES = YES;
				CLANG_WARN_SUSPICIOUS_MOVE = YES;
				CLANG_WARN_UNGUARDED_AVAILABILITY = YES_AGGRESSIVE;
				CLANG_WARN_UNREACHABLE_CODE = YES;
				CLANG_WARN__DUPLICATE_METHOD_MATCH = YES;
				COPY_PHASE_STRIP = NO;
				DEBUG_INFORMATION_FORMAT = "dwarf-with-dsym";
				ENABLE_NS_ASSERTIONS = NO;
				ENABLE_STRICT_OBJC_MSGSEND = YES;
				GCC_C_LANGUAGE_STANDARD = gnu11;
				GCC_NO_COMMON_BLOCKS = YES;
				GCC_WARN_64_TO_32_BIT_CONVERSION = YES;
				GCC_WARN_ABOUT_RETURN_TYPE = YES_ERROR;
				GCC_WARN_UNDECLARED_SELECTOR = YES;
				GCC_WARN_UNINITIALIZED_AUTOS = YES_AGGRESSIVE;
				GCC_WARN_UNUSED_FUNCTION = YES;
				GCC_WARN_UNUSED_VARIABLE = YES;
				IPHONEOS_DEPLOYMENT_TARGET = 14.2;
				MTL_ENABLE_DEBUG_INFO = NO;
				MTL_FAST_MATH = YES;
				SDKROOT = iphoneos;
				SWIFT_COMPILATION_MODE = wholemodule;
				SWIFT_OPTIMIZATION_LEVEL = "-O";
				VALIDATE_PRODUCT = YES;
			};
			name = Release;
		};
		3FCEF7F125E06E6B00523D79 /* Debug */ = {
			isa = XCBuildConfiguration;
			buildSettings = {
				ASSETCATALOG_COMPILER_APPICON_NAME = AppIcon;
				ASSETCATALOG_COMPILER_GLOBAL_ACCENT_COLOR_NAME = AccentColor;
				CODE_SIGN_STYLE = Automatic;
				INFOPLIST_FILE = tinder/Info.plist;
				LD_RUNPATH_SEARCH_PATHS = (
					"$(inherited)",
					"@executable_path/Frameworks",
				);
				PRODUCT_BUNDLE_IDENTIFIER = guicunha.com.tinder;
				PRODUCT_NAME = "$(TARGET_NAME)";
				SWIFT_VERSION = 5.0;
				TARGETED_DEVICE_FAMILY = "1,2";
			};
			name = Debug;
		};
		3FCEF7F225E06E6B00523D79 /* Release */ = {
			isa = XCBuildConfiguration;
			buildSettings = {
				ASSETCATALOG_COMPILER_APPICON_NAME = AppIcon;
				ASSETCATALOG_COMPILER_GLOBAL_ACCENT_COLOR_NAME = AccentColor;
				CODE_SIGN_STYLE = Automatic;
				INFOPLIST_FILE = tinder/Info.plist;
				LD_RUNPATH_SEARCH_PATHS = (
					"$(inherited)",
					"@executable_path/Frameworks",
				);
				PRODUCT_BUNDLE_IDENTIFIER = guicunha.com.tinder;
				PRODUCT_NAME = "$(TARGET_NAME)";
				SWIFT_VERSION = 5.0;
				TARGETED_DEVICE_FAMILY = "1,2";
			};
			name = Release;
		};
		3FCEF7F425E06E6B00523D79 /* Debug */ = {
			isa = XCBuildConfiguration;
			buildSettings = {
				ALWAYS_EMBED_SWIFT_STANDARD_LIBRARIES = YES;
				BUNDLE_LOADER = "$(TEST_HOST)";
				CODE_SIGN_STYLE = Automatic;
				INFOPLIST_FILE = tinderTests/Info.plist;
				IPHONEOS_DEPLOYMENT_TARGET = 14.2;
				LD_RUNPATH_SEARCH_PATHS = (
					"$(inherited)",
					"@executable_path/Frameworks",
					"@loader_path/Frameworks",
				);
				PRODUCT_BUNDLE_IDENTIFIER = guicunha.com.tinderTests;
				PRODUCT_NAME = "$(TARGET_NAME)";
				SWIFT_VERSION = 5.0;
				TARGETED_DEVICE_FAMILY = "1,2";
				TEST_HOST = "$(BUILT_PRODUCTS_DIR)/tinder.app/tinder";
			};
			name = Debug;
		};
		3FCEF7F525E06E6B00523D79 /* Release */ = {
			isa = XCBuildConfiguration;
			buildSettings = {
				ALWAYS_EMBED_SWIFT_STANDARD_LIBRARIES = YES;
				BUNDLE_LOADER = "$(TEST_HOST)";
				CODE_SIGN_STYLE = Automatic;
				INFOPLIST_FILE = tinderTests/Info.plist;
				IPHONEOS_DEPLOYMENT_TARGET = 14.2;
				LD_RUNPATH_SEARCH_PATHS = (
					"$(inherited)",
					"@executable_path/Frameworks",
					"@loader_path/Frameworks",
				);
				PRODUCT_BUNDLE_IDENTIFIER = guicunha.com.tinderTests;
				PRODUCT_NAME = "$(TARGET_NAME)";
				SWIFT_VERSION = 5.0;
				TARGETED_DEVICE_FAMILY = "1,2";
				TEST_HOST = "$(BUILT_PRODUCTS_DIR)/tinder.app/tinder";
			};
			name = Release;
		};
		3FCEF7F725E06E6B00523D79 /* Debug */ = {
			isa = XCBuildConfiguration;
			buildSettings = {
				ALWAYS_EMBED_SWIFT_STANDARD_LIBRARIES = YES;
				CODE_SIGN_STYLE = Automatic;
				INFOPLIST_FILE = tinderUITests/Info.plist;
				LD_RUNPATH_SEARCH_PATHS = (
					"$(inherited)",
					"@executable_path/Frameworks",
					"@loader_path/Frameworks",
				);
				PRODUCT_BUNDLE_IDENTIFIER = guicunha.com.tinderUITests;
				PRODUCT_NAME = "$(TARGET_NAME)";
				SWIFT_VERSION = 5.0;
				TARGETED_DEVICE_FAMILY = "1,2";
				TEST_TARGET_NAME = tinder;
			};
			name = Debug;
		};
		3FCEF7F825E06E6B00523D79 /* Release */ = {
			isa = XCBuildConfiguration;
			buildSettings = {
				ALWAYS_EMBED_SWIFT_STANDARD_LIBRARIES = YES;
				CODE_SIGN_STYLE = Automatic;
				INFOPLIST_FILE = tinderUITests/Info.plist;
				LD_RUNPATH_SEARCH_PATHS = (
					"$(inherited)",
					"@executable_path/Frameworks",
					"@loader_path/Frameworks",
				);
				PRODUCT_BUNDLE_IDENTIFIER = guicunha.com.tinderUITests;
				PRODUCT_NAME = "$(TARGET_NAME)";
				SWIFT_VERSION = 5.0;
				TARGETED_DEVICE_FAMILY = "1,2";
				TEST_TARGET_NAME = tinder;
			};
			name = Release;
		};
/* End XCBuildConfiguration section */

/* Begin XCConfigurationList section */
		3FCEF7C125E06E6600523D79 /* Build configuration list for PBXProject "tinder" */ = {
			isa = XCConfigurationList;
			buildConfigurations = (
				3FCEF7EE25E06E6B00523D79 /* Debug */,
				3FCEF7EF25E06E6B00523D79 /* Release */,
			);
			defaultConfigurationIsVisible = 0;
			defaultConfigurationName = Release;
		};
		3FCEF7F025E06E6B00523D79 /* Build configuration list for PBXNativeTarget "tinder" */ = {
			isa = XCConfigurationList;
			buildConfigurations = (
				3FCEF7F125E06E6B00523D79 /* Debug */,
				3FCEF7F225E06E6B00523D79 /* Release */,
			);
			defaultConfigurationIsVisible = 0;
			defaultConfigurationName = Release;
		};
		3FCEF7F325E06E6B00523D79 /* Build configuration list for PBXNativeTarget "tinderTests" */ = {
			isa = XCConfigurationList;
			buildConfigurations = (
				3FCEF7F425E06E6B00523D79 /* Debug */,
				3FCEF7F525E06E6B00523D79 /* Release */,
			);
			defaultConfigurationIsVisible = 0;
			defaultConfigurationName = Release;
		};
		3FCEF7F625E06E6B00523D79 /* Build configuration list for PBXNativeTarget "tinderUITests" */ = {
			isa = XCConfigurationList;
			buildConfigurations = (
				3FCEF7F725E06E6B00523D79 /* Debug */,
				3FCEF7F825E06E6B00523D79 /* Release */,
			);
			defaultConfigurationIsVisible = 0;
			defaultConfigurationName = Release;
		};
/* End XCConfigurationList section */
	};
	rootObject = 3FCEF7BE25E06E6600523D79 /* Project object */;
}
